<?xml version="1.0" encoding="utf-8"?>
<Project ToolsVersion="17.0" xmlns="http://schemas.microsoft.com/developer/msbuild/2003">
  <ItemGroup>
    <ClCompile Include="D:\GitRepos\mimalloc\src\cma\cma_api.cpp">
      <Filter>Source Files</Filter>
    </ClCompile>
    <ClCompile Include="D:\GitRepos\mimalloc\src\cma\cma_api.h">
      <Filter>Header Files</Filter>
    </ClCompile>
    <ClCompile Include="D:\GitRepos\mimalloc\src\cma\cma_utils.cpp">
      <Filter>Source Files</Filter>
    </ClCompile>
    <ClCompile Include="D:\GitRepos\mimalloc\src\cma\cma_utils.h">
      <Filter>Header Files</Filter>
    </ClCompile>
    <ClCompile Include="D:\GitRepos\mimalloc\src\alloc.c">
      <Filter>Source Files</Filter>
    </ClCompile>
    <ClCompile Include="D:\GitRepos\mimalloc\src\alloc-aligned.c">
      <Filter>Source Files</Filter>
    </ClCompile>
    <ClCompile Include="D:\GitRepos\mimalloc\src\alloc-posix.c">
      <Filter>Source Files</Filter>
    </ClCompile>
    <ClCompile Include="D:\GitRepos\mimalloc\src\arena.c">
      <Filter>Source Files</Filter>
    </ClCompile>
    <ClCompile Include="D:\GitRepos\mimalloc\src\bitmap.c">
      <Filter>Source Files</Filter>
    </ClCompile>
    <ClCompile Include="D:\GitRepos\mimalloc\src\heap.c">
      <Filter>Source Files</Filter>
    </ClCompile>
    <ClCompile Include="D:\GitRepos\mimalloc\src\init.c">
      <Filter>Source Files</Filter>
    </ClCompile>
    <ClCompile Include="D:\GitRepos\mimalloc\src\options.c">
      <Filter>Source Files</Filter>
    </ClCompile>
    <ClCompile Include="D:\GitRepos\mimalloc\src\os.c">
      <Filter>Source Files</Filter>
    </ClCompile>
    <ClCompile Include="D:\GitRepos\mimalloc\src\page.c">
      <Filter>Source Files</Filter>
    </ClCompile>
    <ClCompile Include="D:\GitRepos\mimalloc\src\random.c">
      <Filter>Source Files</Filter>
    </ClCompile>
    <ClCompile Include="D:\GitRepos\mimalloc\src\segment.c">
      <Filter>Source Files</Filter>
    </ClCompile>
    <ClCompile Include="D:\GitRepos\mimalloc\src\segment-cache.c">
      <Filter>Source Files</Filter>
    </ClCompile>
    <ClCompile Include="D:\GitRepos\mimalloc\src\stats.c">
      <Filter>Source Files</Filter>
    </ClCompile>
    <ClCompile Include="D:\GitRepos\mimalloc\src\prim\prim.c">
      <Filter>Source Files</Filter>
    </ClCompile>
  </ItemGroup>
  <ItemGroup>
    <CustomBuild Include="D:\GitRepos\mimalloc\CMakeLists.txt" />
  </ItemGroup>
  <ItemGroup>
    <Filter Include="Header Files">
      <UniqueIdentifier>{0490CB9A-53B0-348A-8930-789B6C8F43CA}</UniqueIdentifier>
    </Filter>
    <Filter Include="Source Files">
      <UniqueIdentifier>{7DF08B3B-4218-326A-8A61-705CF4C19964}</UniqueIdentifier>
    </Filter>
  </ItemGroup>
</Project>
