
Microsoft Visual Studio Solution File, Format Version 12.00
# Visual Studio Version 17
VisualStudioVersion = 17.5.33530.505
MinimumVisualStudioVersion = 10.0.40219.1
Project("{8BC9CEB8-8B4A-11D0-8D11-00A0C91BC942}") = "mimalloc", "mimalloc.vcxproj", "{DFDFDF91-D72E-314A-BD77-88B833A76415}"
EndProject
Global
	GlobalSection(SolutionConfigurationPlatforms) = preSolution
		Release|x64 = Release|x64
	EndGlobalSection
	GlobalSection(ProjectConfigurationPlatforms) = postSolution
		{DFDFDF91-D72E-314A-BD77-88B833A76415}.Release|x64.ActiveCfg = Release|x64
		{DFDFDF91-D72E-314A-BD77-88B833A76415}.Release|x64.Build.0 = Release|x64
	EndGlobalSection
	GlobalSection(SolutionProperties) = preSolution
		HideSolutionNode = FALSE
	EndGlobalSection
	GlobalSection(ExtensibilityGlobals) = postSolution
		SolutionGuid = {91739C88-45C3-3C07-8964-415096FB2162}
	EndGlobalSection
EndGlobal
